
Microsoft Visual Studio Solution File, Format Version 12.00
# Visual Studio 14
VisualStudioVersion = 14.0.25420.1
MinimumVisualStudioVersion = 10.0.40219.1
Project("{FAE04EC0-301F-11D3-BF4B-00C04F79EFBC}") = "Portable45", "Portable45\Portable45.csproj", "{60D456D3-0FDB-4BA1-A135-5A06094FEB02}"
EndProject
Project("{D954291E-2A0B-460D-934E-DC6B0785DB48}") = "_Blue.MVVM.Navigation", "_Blue.MVVM.Navigation\_Blue.MVVM.Navigation.shproj", "{28CF834D-3A98-4E0B-8BB4-735D4AD54FEE}"
EndProject
Project("{FAE04EC0-301F-11D3-BF4B-00C04F79EFBC}") = "XamarinForms", "XamarinForms\XamarinForms.csproj", "{67F9D3A8-F71E-4428-913F-C37AE82CDB24}"
EndProject
Project("{FAE04EC0-301F-11D3-BF4B-00C04F79EFBC}") = "UWP", "UWP\UWP.csproj", "{397677B0-6A06-4DEF-A19E-48B3EAE70467}"
EndProject
Project("{FAE04EC0-301F-11D3-BF4B-00C04F79EFBC}") = "Net40", "Net40\Net40.csproj", "{5B70A1C1-63C8-40D1-AC43-EB2F8BA47D1F}"
EndProject
Project("{D954291E-2A0B-460D-934E-DC6B0785DB48}") = "_Windows", "_Windows\_Windows.shproj", "{F09B75B2-F071-4D3F-B0BA-1E6FB5D63B1F}"
EndProject
Project("{FAE04EC0-301F-11D3-BF4B-00C04F79EFBC}") = "Net45", "Net45\Net45.csproj", "{C4D2771C-C9E4-4600-8326-DB52F79BD32A}"
EndProject
Project("{FAE04EC0-301F-11D3-BF4B-00C04F79EFBC}") = "Net46", "Net46\Net46.csproj", "{9B3D7694-1A5E-426D-84D3-14F2D711F787}"
EndProject
Project("{FAE04EC0-301F-11D3-BF4B-00C04F79EFBC}") = "Portable40", "Portable40\Portable40.csproj", "{A72C10EF-371A-4993-8B06-D3560550EF1B}"
EndProject
Project("{D954291E-2A0B-460D-934E-DC6B0785DB48}") = "_Portable", "_Portable\_Portable.shproj", "{B2317B01-886D-4209-8789-8F518E8DB28A}"
EndProject
Project("{FAE04EC0-301F-11D3-BF4B-00C04F79EFBC}") = "_NuGet", "_NuGet\_NuGet.csproj", "{0451BAEF-DF2E-4B98-8644-94EE9415E389}"
	ProjectSection(ProjectDependencies) = postProject
		{C4D2771C-C9E4-4600-8326-DB52F79BD32A} = {C4D2771C-C9E4-4600-8326-DB52F79BD32A}
		{9B3D7694-1A5E-426D-84D3-14F2D711F787} = {9B3D7694-1A5E-426D-84D3-14F2D711F787}
		{67F9D3A8-F71E-4428-913F-C37AE82CDB24} = {67F9D3A8-F71E-4428-913F-C37AE82CDB24}
		{397677B0-6A06-4DEF-A19E-48B3EAE70467} = {397677B0-6A06-4DEF-A19E-48B3EAE70467}
		{5B70A1C1-63C8-40D1-AC43-EB2F8BA47D1F} = {5B70A1C1-63C8-40D1-AC43-EB2F8BA47D1F}
		{60D456D3-0FDB-4BA1-A135-5A06094FEB02} = {60D456D3-0FDB-4BA1-A135-5A06094FEB02}
	EndProjectSection
EndProject
Project("{FAE04EC0-301F-11D3-BF4B-00C04F79EFBC}") = "Net46.Tests", "Net46.Tests\Net46.Tests.csproj", "{C3AE3789-8577-431F-AA66-42ACFC6117EB}"
EndProject
Global
	GlobalSection(SharedMSBuildProjectFiles) = preSolution
		_Blue.MVVM.Navigation\_Blue.MVVM.Navigation.projitems*{28cf834d-3a98-4e0b-8bb4-735d4ad54fee}*SharedItemsImports = 13
		_Blue.MVVM.Navigation\_Blue.MVVM.Navigation.projitems*{397677b0-6a06-4def-a19e-48b3eae70467}*SharedItemsImports = 4
		_Windows\_Windows.projitems*{397677b0-6a06-4def-a19e-48b3eae70467}*SharedItemsImports = 4
		_Blue.MVVM.Navigation\_Blue.MVVM.Navigation.projitems*{5b70a1c1-63c8-40d1-ac43-eb2f8ba47d1f}*SharedItemsImports = 4
		_Windows\_Windows.projitems*{5b70a1c1-63c8-40d1-ac43-eb2f8ba47d1f}*SharedItemsImports = 4
		_Blue.MVVM.Navigation\_Blue.MVVM.Navigation.projitems*{60d456d3-0fdb-4ba1-a135-5a06094feb02}*SharedItemsImports = 4
		_Portable\_Portable.projitems*{60d456d3-0fdb-4ba1-a135-5a06094feb02}*SharedItemsImports = 4
		_Blue.MVVM.Navigation\_Blue.MVVM.Navigation.projitems*{67f9d3a8-f71e-4428-913f-c37ae82cdb24}*SharedItemsImports = 4
		_Blue.MVVM.Navigation\_Blue.MVVM.Navigation.projitems*{9b3d7694-1a5e-426d-84d3-14f2d711f787}*SharedItemsImports = 4
		_Windows\_Windows.projitems*{9b3d7694-1a5e-426d-84d3-14f2d711f787}*SharedItemsImports = 4
		_Portable\_Portable.projitems*{b2317b01-886d-4209-8789-8f518e8db28a}*SharedItemsImports = 13
		_Blue.MVVM.Navigation\_Blue.MVVM.Navigation.projitems*{c4d2771c-c9e4-4600-8326-db52f79bd32a}*SharedItemsImports = 4
		_Windows\_Windows.projitems*{c4d2771c-c9e4-4600-8326-db52f79bd32a}*SharedItemsImports = 4
		_Windows\_Windows.projitems*{f09b75b2-f071-4d3f-b0ba-1e6fb5d63b1f}*SharedItemsImports = 13
	EndGlobalSection
	GlobalSection(SolutionConfigurationPlatforms) = preSolution
		Debug|Any CPU = Debug|Any CPU
		Debug|ARM = Debug|ARM
		Debug|x64 = Debug|x64
		Debug|x86 = Debug|x86
		Release|Any CPU = Release|Any CPU
		Release|ARM = Release|ARM
		Release|x64 = Release|x64
		Release|x86 = Release|x86
	EndGlobalSection
	GlobalSection(ProjectConfigurationPlatforms) = postSolution
		{60D456D3-0FDB-4BA1-A135-5A06094FEB02}.Debug|Any CPU.ActiveCfg = Debug|Any CPU
		{60D456D3-0FDB-4BA1-A135-5A06094FEB02}.Debug|Any CPU.Build.0 = Debug|Any CPU
		{60D456D3-0FDB-4BA1-A135-5A06094FEB02}.Debug|ARM.ActiveCfg = Debug|Any CPU
		{60D456D3-0FDB-4BA1-A135-5A06094FEB02}.Debug|ARM.Build.0 = Debug|Any CPU
		{60D456D3-0FDB-4BA1-A135-5A06094FEB02}.Debug|x64.ActiveCfg = Debug|Any CPU
		{60D456D3-0FDB-4BA1-A135-5A06094FEB02}.Debug|x64.Build.0 = Debug|Any CPU
		{60D456D3-0FDB-4BA1-A135-5A06094FEB02}.Debug|x86.ActiveCfg = Debug|Any CPU
		{60D456D3-0FDB-4BA1-A135-5A06094FEB02}.Debug|x86.Build.0 = Debug|Any CPU
		{60D456D3-0FDB-4BA1-A135-5A06094FEB02}.Release|Any CPU.ActiveCfg = Release|Any CPU
		{60D456D3-0FDB-4BA1-A135-5A06094FEB02}.Release|Any CPU.Build.0 = Release|Any CPU
		{60D456D3-0FDB-4BA1-A135-5A06094FEB02}.Release|ARM.ActiveCfg = Release|Any CPU
		{60D456D3-0FDB-4BA1-A135-5A06094FEB02}.Release|ARM.Build.0 = Release|Any CPU
		{60D456D3-0FDB-4BA1-A135-5A06094FEB02}.Release|x64.ActiveCfg = Release|Any CPU
		{60D456D3-0FDB-4BA1-A135-5A06094FEB02}.Release|x64.Build.0 = Release|Any CPU
		{60D456D3-0FDB-4BA1-A135-5A06094FEB02}.Release|x86.ActiveCfg = Release|Any CPU
		{60D456D3-0FDB-4BA1-A135-5A06094FEB02}.Release|x86.Build.0 = Release|Any CPU
		{67F9D3A8-F71E-4428-913F-C37AE82CDB24}.Debug|Any CPU.ActiveCfg = Debug|Any CPU
		{67F9D3A8-F71E-4428-913F-C37AE82CDB24}.Debug|Any CPU.Build.0 = Debug|Any CPU
		{67F9D3A8-F71E-4428-913F-C37AE82CDB24}.Debug|ARM.ActiveCfg = Debug|Any CPU
		{67F9D3A8-F71E-4428-913F-C37AE82CDB24}.Debug|ARM.Build.0 = Debug|Any CPU
		{67F9D3A8-F71E-4428-913F-C37AE82CDB24}.Debug|x64.ActiveCfg = Debug|Any CPU
		{67F9D3A8-F71E-4428-913F-C37AE82CDB24}.Debug|x64.Build.0 = Debug|Any CPU
		{67F9D3A8-F71E-4428-913F-C37AE82CDB24}.Debug|x86.ActiveCfg = Debug|Any CPU
		{67F9D3A8-F71E-4428-913F-C37AE82CDB24}.Debug|x86.Build.0 = Debug|Any CPU
		{67F9D3A8-F71E-4428-913F-C37AE82CDB24}.Release|Any CPU.ActiveCfg = Release|Any CPU
		{67F9D3A8-F71E-4428-913F-C37AE82CDB24}.Release|Any CPU.Build.0 = Release|Any CPU
		{67F9D3A8-F71E-4428-913F-C37AE82CDB24}.Release|ARM.ActiveCfg = Release|Any CPU
		{67F9D3A8-F71E-4428-913F-C37AE82CDB24}.Release|ARM.Build.0 = Release|Any CPU
		{67F9D3A8-F71E-4428-913F-C37AE82CDB24}.Release|x64.ActiveCfg = Release|Any CPU
		{67F9D3A8-F71E-4428-913F-C37AE82CDB24}.Release|x64.Build.0 = Release|Any CPU
		{67F9D3A8-F71E-4428-913F-C37AE82CDB24}.Release|x86.ActiveCfg = Release|Any CPU
		{67F9D3A8-F71E-4428-913F-C37AE82CDB24}.Release|x86.Build.0 = Release|Any CPU
		{397677B0-6A06-4DEF-A19E-48B3EAE70467}.Debug|Any CPU.ActiveCfg = Debug|Any CPU
		{397677B0-6A06-4DEF-A19E-48B3EAE70467}.Debug|Any CPU.Build.0 = Debug|Any CPU
		{397677B0-6A06-4DEF-A19E-48B3EAE70467}.Debug|ARM.ActiveCfg = Debug|ARM
		{397677B0-6A06-4DEF-A19E-48B3EAE70467}.Debug|ARM.Build.0 = Debug|ARM
		{397677B0-6A06-4DEF-A19E-48B3EAE70467}.Debug|x64.ActiveCfg = Debug|x64
		{397677B0-6A06-4DEF-A19E-48B3EAE70467}.Debug|x64.Build.0 = Debug|x64
		{397677B0-6A06-4DEF-A19E-48B3EAE70467}.Debug|x86.ActiveCfg = Debug|x86
		{397677B0-6A06-4DEF-A19E-48B3EAE70467}.Debug|x86.Build.0 = Debug|x86
		{397677B0-6A06-4DEF-A19E-48B3EAE70467}.Release|Any CPU.ActiveCfg = Release|Any CPU
		{397677B0-6A06-4DEF-A19E-48B3EAE70467}.Release|Any CPU.Build.0 = Release|Any CPU
		{397677B0-6A06-4DEF-A19E-48B3EAE70467}.Release|ARM.ActiveCfg = Release|ARM
		{397677B0-6A06-4DEF-A19E-48B3EAE70467}.Release|ARM.Build.0 = Release|ARM
		{397677B0-6A06-4DEF-A19E-48B3EAE70467}.Release|x64.ActiveCfg = Release|x64
		{397677B0-6A06-4DEF-A19E-48B3EAE70467}.Release|x64.Build.0 = Release|x64
		{397677B0-6A06-4DEF-A19E-48B3EAE70467}.Release|x86.ActiveCfg = Release|x86
		{397677B0-6A06-4DEF-A19E-48B3EAE70467}.Release|x86.Build.0 = Release|x86
		{5B70A1C1-63C8-40D1-AC43-EB2F8BA47D1F}.Debug|Any CPU.ActiveCfg = Debug|Any CPU
		{5B70A1C1-63C8-40D1-AC43-EB2F8BA47D1F}.Debug|Any CPU.Build.0 = Debug|Any CPU
		{5B70A1C1-63C8-40D1-AC43-EB2F8BA47D1F}.Debug|ARM.ActiveCfg = Debug|Any CPU
		{5B70A1C1-63C8-40D1-AC43-EB2F8BA47D1F}.Debug|ARM.Build.0 = Debug|Any CPU
		{5B70A1C1-63C8-40D1-AC43-EB2F8BA47D1F}.Debug|x64.ActiveCfg = Debug|Any CPU
		{5B70A1C1-63C8-40D1-AC43-EB2F8BA47D1F}.Debug|x64.Build.0 = Debug|Any CPU
		{5B70A1C1-63C8-40D1-AC43-EB2F8BA47D1F}.Debug|x86.ActiveCfg = Debug|Any CPU
		{5B70A1C1-63C8-40D1-AC43-EB2F8BA47D1F}.Debug|x86.Build.0 = Debug|Any CPU
		{5B70A1C1-63C8-40D1-AC43-EB2F8BA47D1F}.Release|Any CPU.ActiveCfg = Release|Any CPU
		{5B70A1C1-63C8-40D1-AC43-EB2F8BA47D1F}.Release|Any CPU.Build.0 = Release|Any CPU
		{5B70A1C1-63C8-40D1-AC43-EB2F8BA47D1F}.Release|ARM.ActiveCfg = Release|Any CPU
		{5B70A1C1-63C8-40D1-AC43-EB2F8BA47D1F}.Release|ARM.Build.0 = Release|Any CPU
		{5B70A1C1-63C8-40D1-AC43-EB2F8BA47D1F}.Release|x64.ActiveCfg = Release|Any CPU
		{5B70A1C1-63C8-40D1-AC43-EB2F8BA47D1F}.Release|x64.Build.0 = Release|Any CPU
		{5B70A1C1-63C8-40D1-AC43-EB2F8BA47D1F}.Release|x86.ActiveCfg = Release|Any CPU
		{5B70A1C1-63C8-40D1-AC43-EB2F8BA47D1F}.Release|x86.Build.0 = Release|Any CPU
		{C4D2771C-C9E4-4600-8326-DB52F79BD32A}.Debug|Any CPU.ActiveCfg = Debug|Any CPU
		{C4D2771C-C9E4-4600-8326-DB52F79BD32A}.Debug|Any CPU.Build.0 = Debug|Any CPU
		{C4D2771C-C9E4-4600-8326-DB52F79BD32A}.Debug|ARM.ActiveCfg = Debug|Any CPU
		{C4D2771C-C9E4-4600-8326-DB52F79BD32A}.Debug|ARM.Build.0 = Debug|Any CPU
		{C4D2771C-C9E4-4600-8326-DB52F79BD32A}.Debug|x64.ActiveCfg = Debug|Any CPU
		{C4D2771C-C9E4-4600-8326-DB52F79BD32A}.Debug|x64.Build.0 = Debug|Any CPU
		{C4D2771C-C9E4-4600-8326-DB52F79BD32A}.Debug|x86.ActiveCfg = Debug|Any CPU
		{C4D2771C-C9E4-4600-8326-DB52F79BD32A}.Debug|x86.Build.0 = Debug|Any CPU
		{C4D2771C-C9E4-4600-8326-DB52F79BD32A}.Release|Any CPU.ActiveCfg = Release|Any CPU
		{C4D2771C-C9E4-4600-8326-DB52F79BD32A}.Release|Any CPU.Build.0 = Release|Any CPU
		{C4D2771C-C9E4-4600-8326-DB52F79BD32A}.Release|ARM.ActiveCfg = Release|Any CPU
		{C4D2771C-C9E4-4600-8326-DB52F79BD32A}.Release|ARM.Build.0 = Release|Any CPU
		{C4D2771C-C9E4-4600-8326-DB52F79BD32A}.Release|x64.ActiveCfg = Release|Any CPU
		{C4D2771C-C9E4-4600-8326-DB52F79BD32A}.Release|x64.Build.0 = Release|Any CPU
		{C4D2771C-C9E4-4600-8326-DB52F79BD32A}.Release|x86.ActiveCfg = Release|Any CPU
		{C4D2771C-C9E4-4600-8326-DB52F79BD32A}.Release|x86.Build.0 = Release|Any CPU
		{9B3D7694-1A5E-426D-84D3-14F2D711F787}.Debug|Any CPU.ActiveCfg = Debug|Any CPU
		{9B3D7694-1A5E-426D-84D3-14F2D711F787}.Debug|Any CPU.Build.0 = Debug|Any CPU
		{9B3D7694-1A5E-426D-84D3-14F2D711F787}.Debug|ARM.ActiveCfg = Debug|Any CPU
		{9B3D7694-1A5E-426D-84D3-14F2D711F787}.Debug|ARM.Build.0 = Debug|Any CPU
		{9B3D7694-1A5E-426D-84D3-14F2D711F787}.Debug|x64.ActiveCfg = Debug|Any CPU
		{9B3D7694-1A5E-426D-84D3-14F2D711F787}.Debug|x64.Build.0 = Debug|Any CPU
		{9B3D7694-1A5E-426D-84D3-14F2D711F787}.Debug|x86.ActiveCfg = Debug|Any CPU
		{9B3D7694-1A5E-426D-84D3-14F2D711F787}.Debug|x86.Build.0 = Debug|Any CPU
		{9B3D7694-1A5E-426D-84D3-14F2D711F787}.Release|Any CPU.ActiveCfg = Release|Any CPU
		{9B3D7694-1A5E-426D-84D3-14F2D711F787}.Release|Any CPU.Build.0 = Release|Any CPU
		{9B3D7694-1A5E-426D-84D3-14F2D711F787}.Release|ARM.ActiveCfg = Release|Any CPU
		{9B3D7694-1A5E-426D-84D3-14F2D711F787}.Release|ARM.Build.0 = Release|Any CPU
		{9B3D7694-1A5E-426D-84D3-14F2D711F787}.Release|x64.ActiveCfg = Release|Any CPU
		{9B3D7694-1A5E-426D-84D3-14F2D711F787}.Release|x64.Build.0 = Release|Any CPU
		{9B3D7694-1A5E-426D-84D3-14F2D711F787}.Release|x86.ActiveCfg = Release|Any CPU
		{9B3D7694-1A5E-426D-84D3-14F2D711F787}.Release|x86.Build.0 = Release|Any CPU
		{A72C10EF-371A-4993-8B06-D3560550EF1B}.Debug|Any CPU.ActiveCfg = Debug|Any CPU
		{A72C10EF-371A-4993-8B06-D3560550EF1B}.Debug|Any CPU.Build.0 = Debug|Any CPU
		{A72C10EF-371A-4993-8B06-D3560550EF1B}.Debug|ARM.ActiveCfg = Debug|Any CPU
		{A72C10EF-371A-4993-8B06-D3560550EF1B}.Debug|ARM.Build.0 = Debug|Any CPU
		{A72C10EF-371A-4993-8B06-D3560550EF1B}.Debug|x64.ActiveCfg = Debug|Any CPU
		{A72C10EF-371A-4993-8B06-D3560550EF1B}.Debug|x64.Build.0 = Debug|Any CPU
		{A72C10EF-371A-4993-8B06-D3560550EF1B}.Debug|x86.ActiveCfg = Debug|Any CPU
		{A72C10EF-371A-4993-8B06-D3560550EF1B}.Debug|x86.Build.0 = Debug|Any CPU
		{A72C10EF-371A-4993-8B06-D3560550EF1B}.Release|Any CPU.ActiveCfg = Release|Any CPU
		{A72C10EF-371A-4993-8B06-D3560550EF1B}.Release|Any CPU.Build.0 = Release|Any CPU
		{A72C10EF-371A-4993-8B06-D3560550EF1B}.Release|ARM.ActiveCfg = Release|Any CPU
		{A72C10EF-371A-4993-8B06-D3560550EF1B}.Release|ARM.Build.0 = Release|Any CPU
		{A72C10EF-371A-4993-8B06-D3560550EF1B}.Release|x64.ActiveCfg = Release|Any CPU
		{A72C10EF-371A-4993-8B06-D3560550EF1B}.Release|x64.Build.0 = Release|Any CPU
		{A72C10EF-371A-4993-8B06-D3560550EF1B}.Release|x86.ActiveCfg = Release|Any CPU
		{A72C10EF-371A-4993-8B06-D3560550EF1B}.Release|x86.Build.0 = Release|Any CPU
		{0451BAEF-DF2E-4B98-8644-94EE9415E389}.Debug|Any CPU.ActiveCfg = Debug|Any CPU
		{0451BAEF-DF2E-4B98-8644-94EE9415E389}.Debug|Any CPU.Build.0 = Debug|Any CPU
		{0451BAEF-DF2E-4B98-8644-94EE9415E389}.Debug|ARM.ActiveCfg = Debug|Any CPU
		{0451BAEF-DF2E-4B98-8644-94EE9415E389}.Debug|ARM.Build.0 = Debug|Any CPU
		{0451BAEF-DF2E-4B98-8644-94EE9415E389}.Debug|x64.ActiveCfg = Debug|Any CPU
		{0451BAEF-DF2E-4B98-8644-94EE9415E389}.Debug|x64.Build.0 = Debug|Any CPU
		{0451BAEF-DF2E-4B98-8644-94EE9415E389}.Debug|x86.ActiveCfg = Debug|Any CPU
		{0451BAEF-DF2E-4B98-8644-94EE9415E389}.Debug|x86.Build.0 = Debug|Any CPU
		{0451BAEF-DF2E-4B98-8644-94EE9415E389}.Release|Any CPU.ActiveCfg = Release|Any CPU
		{0451BAEF-DF2E-4B98-8644-94EE9415E389}.Release|Any CPU.Build.0 = Release|Any CPU
		{0451BAEF-DF2E-4B98-8644-94EE9415E389}.Release|ARM.ActiveCfg = Release|Any CPU
		{0451BAEF-DF2E-4B98-8644-94EE9415E389}.Release|ARM.Build.0 = Release|Any CPU
		{0451BAEF-DF2E-4B98-8644-94EE9415E389}.Release|x64.ActiveCfg = Release|Any CPU
		{0451BAEF-DF2E-4B98-8644-94EE9415E389}.Release|x64.Build.0 = Release|Any CPU
		{0451BAEF-DF2E-4B98-8644-94EE9415E389}.Release|x86.ActiveCfg = Release|Any CPU
		{0451BAEF-DF2E-4B98-8644-94EE9415E389}.Release|x86.Build.0 = Release|Any CPU
		{C3AE3789-8577-431F-AA66-42ACFC6117EB}.Debug|Any CPU.ActiveCfg = Debug|Any CPU
		{C3AE3789-8577-431F-AA66-42ACFC6117EB}.Debug|Any CPU.Build.0 = Debug|Any CPU
		{C3AE3789-8577-431F-AA66-42ACFC6117EB}.Debug|ARM.ActiveCfg = Debug|Any CPU
		{C3AE3789-8577-431F-AA66-42ACFC6117EB}.Debug|ARM.Build.0 = Debug|Any CPU
		{C3AE3789-8577-431F-AA66-42ACFC6117EB}.Debug|x64.ActiveCfg = Debug|Any CPU
		{C3AE3789-8577-431F-AA66-42ACFC6117EB}.Debug|x64.Build.0 = Debug|Any CPU
		{C3AE3789-8577-431F-AA66-42ACFC6117EB}.Debug|x86.ActiveCfg = Debug|Any CPU
		{C3AE3789-8577-431F-AA66-42ACFC6117EB}.Debug|x86.Build.0 = Debug|Any CPU
		{C3AE3789-8577-431F-AA66-42ACFC6117EB}.Release|Any CPU.ActiveCfg = Release|Any CPU
		{C3AE3789-8577-431F-AA66-42ACFC6117EB}.Release|Any CPU.Build.0 = Release|Any CPU
		{C3AE3789-8577-431F-AA66-42ACFC6117EB}.Release|ARM.ActiveCfg = Release|Any CPU
		{C3AE3789-8577-431F-AA66-42ACFC6117EB}.Release|ARM.Build.0 = Release|Any CPU
		{C3AE3789-8577-431F-AA66-42ACFC6117EB}.Release|x64.ActiveCfg = Release|Any CPU
		{C3AE3789-8577-431F-AA66-42ACFC6117EB}.Release|x64.Build.0 = Release|Any CPU
		{C3AE3789-8577-431F-AA66-42ACFC6117EB}.Release|x86.ActiveCfg = Release|Any CPU
		{C3AE3789-8577-431F-AA66-42ACFC6117EB}.Release|x86.Build.0 = Release|Any CPU
	EndGlobalSection
	GlobalSection(SolutionProperties) = preSolution
		HideSolutionNode = FALSE
	EndGlobalSection
EndGlobal
